
Microsoft Visual Studio Solution File, Format Version 12.00
# Visual Studio Version 16
VisualStudioVersion = 16.0.30804.86
MinimumVisualStudioVersion = 10.0.40219.1
Project("{9A19103F-16F7-4668-BE54-9A1E7A4F7556}") = "CommanderGQL", "CommanderGQL.csproj", "{46CC6404-235A-4033-9E52-E235B21D57F5}"
EndProject
Global
	GlobalSection(SolutionConfigurationPlatforms) = preSolution
		Debug|Any CPU = Debug|Any CPU
		Release|Any CPU = Release|Any CPU
	EndGlobalSection
	GlobalSection(ProjectConfigurationPlatforms) = postSolution
		{46CC6404-235A-4033-9E52-E235B21D57F5}.Debug|Any CPU.ActiveCfg = Debug|Any CPU
		{46CC6404-235A-4033-9E52-E235B21D57F5}.Debug|Any CPU.Build.0 = Debug|Any CPU
		{46CC6404-235A-4033-9E52-E235B21D57F5}.Release|Any CPU.ActiveCfg = Release|Any CPU
		{46CC6404-235A-4033-9E52-E235B21D57F5}.Release|Any CPU.Build.0 = Release|Any CPU
	EndGlobalSection
	GlobalSection(SolutionProperties) = preSolution
		HideSolutionNode = FALSE
	EndGlobalSection
	GlobalSection(ExtensibilityGlobals) = postSolution
		SolutionGuid = {88B4ED4D-2FD7-49DD-8E53-BD3133E79391}
	EndGlobalSection
EndGlobal
